
Microsoft Visual Studio Solution File, Format Version 12.00
# Visual Studio Version 16
VisualStudioVersion = 16.0.29519.181
MinimumVisualStudioVersion = 10.0.40219.1
Project("{FAE04EC0-301F-11D3-BF4B-00C04F79EFBC}") = "FirstProject", "FirstProject\FirstProject.csproj", "{3A732A38-02D1-4228-9A7D-921E0321F4C8}"
EndProject
Global
	GlobalSection(SolutionConfigurationPlatforms) = preSolution
		Debug|Any CPU = Debug|Any CPU
		Release|Any CPU = Release|Any CPU
	EndGlobalSection
	GlobalSection(ProjectConfigurationPlatforms) = postSolution
		{3A732A38-02D1-4228-9A7D-921E0321F4C8}.Debug|Any CPU.ActiveCfg = Debug|Any CPU
		{3A732A38-02D1-4228-9A7D-921E0321F4C8}.Debug|Any CPU.Build.0 = Debug|Any CPU
		{3A732A38-02D1-4228-9A7D-921E0321F4C8}.Release|Any CPU.ActiveCfg = Release|Any CPU
		{3A732A38-02D1-4228-9A7D-921E0321F4C8}.Release|Any CPU.Build.0 = Release|Any CPU
	EndGlobalSection
	GlobalSection(SolutionProperties) = preSolution
		HideSolutionNode = FALSE
	EndGlobalSection
	GlobalSection(ExtensibilityGlobals) = postSolution
		SolutionGuid = {D5A18E69-19DB-4701-85EF-848E21C8C526}
	EndGlobalSection
EndGlobal
